
Microsoft Visual Studio Solution File, Format Version 12.00
# Visual Studio Version 17
VisualStudioVersion = 17.6.33829.357
MinimumVisualStudioVersion = 10.0.40219.1
Project("{9A19103F-16F7-4668-BE54-9A1E7A4F7556}") = "LowRez2023", "LowRez2023\LowRez2023.csproj", "{B58EA066-5466-4BAE-8178-4325B1E9B152}"
EndProject
Project("{9A19103F-16F7-4668-BE54-9A1E7A4F7556}") = "Billknye.GameLib", "Billknye.GameLib\Billknye.GameLib.csproj", "{F415CC12-808B-4954-A522-3BBA3893D95F}"
EndProject
Project("{2150E333-8FDC-42A3-9474-1A3956D46DE8}") = "Solution Items", "Solution Items", "{9E6C8EB2-1E32-4CD9-B25B-A5BC871DAC55}"
	ProjectSection(SolutionItems) = preProject
		.gitignore = .gitignore
		LICENSE.txt = LICENSE.txt
		README.md = README.md
	EndProjectSection
EndProject
Project("{9A19103F-16F7-4668-BE54-9A1E7A4F7556}") = "LowRez2023.Blazor", "LowRez2023.Blazor\LowRez2023.Blazor.csproj", "{CD968C6D-7A2C-447B-8DEE-8C4F645B1DBC}"
EndProject
Project("{FAE04EC0-301F-11D3-BF4B-00C04F79EFBC}") = "LowRez2023.Tests", "LowRez2023.Tests\LowRez2023.Tests.csproj", "{2D2B94A6-FDB2-4DB9-A136-F55C784C57D5}"
EndProject
Global
	GlobalSection(SolutionConfigurationPlatforms) = preSolution
		Blazor|Any CPU = Blazor|Any CPU
		Debug|Any CPU = Debug|Any CPU
		Release|Any CPU = Release|Any CPU
	EndGlobalSection
	GlobalSection(ProjectConfigurationPlatforms) = postSolution
		{B58EA066-5466-4BAE-8178-4325B1E9B152}.Blazor|Any CPU.ActiveCfg = Blazor|Any CPU
		{B58EA066-5466-4BAE-8178-4325B1E9B152}.Blazor|Any CPU.Build.0 = Blazor|Any CPU
		{B58EA066-5466-4BAE-8178-4325B1E9B152}.Debug|Any CPU.ActiveCfg = Debug|Any CPU
		{B58EA066-5466-4BAE-8178-4325B1E9B152}.Debug|Any CPU.Build.0 = Debug|Any CPU
		{B58EA066-5466-4BAE-8178-4325B1E9B152}.Release|Any CPU.ActiveCfg = Release|Any CPU
		{B58EA066-5466-4BAE-8178-4325B1E9B152}.Release|Any CPU.Build.0 = Release|Any CPU
		{F415CC12-808B-4954-A522-3BBA3893D95F}.Blazor|Any CPU.ActiveCfg = Blazor|Any CPU
		{F415CC12-808B-4954-A522-3BBA3893D95F}.Blazor|Any CPU.Build.0 = Blazor|Any CPU
		{F415CC12-808B-4954-A522-3BBA3893D95F}.Debug|Any CPU.ActiveCfg = Debug|Any CPU
		{F415CC12-808B-4954-A522-3BBA3893D95F}.Debug|Any CPU.Build.0 = Debug|Any CPU
		{F415CC12-808B-4954-A522-3BBA3893D95F}.Release|Any CPU.ActiveCfg = Release|Any CPU
		{F415CC12-808B-4954-A522-3BBA3893D95F}.Release|Any CPU.Build.0 = Release|Any CPU
		{CD968C6D-7A2C-447B-8DEE-8C4F645B1DBC}.Blazor|Any CPU.ActiveCfg = Blazor|Any CPU
		{CD968C6D-7A2C-447B-8DEE-8C4F645B1DBC}.Blazor|Any CPU.Build.0 = Blazor|Any CPU
		{CD968C6D-7A2C-447B-8DEE-8C4F645B1DBC}.Debug|Any CPU.ActiveCfg = Debug|Any CPU
		{CD968C6D-7A2C-447B-8DEE-8C4F645B1DBC}.Release|Any CPU.ActiveCfg = Release|Any CPU
		{2D2B94A6-FDB2-4DB9-A136-F55C784C57D5}.Blazor|Any CPU.ActiveCfg = Debug|Any CPU
		{2D2B94A6-FDB2-4DB9-A136-F55C784C57D5}.Blazor|Any CPU.Build.0 = Debug|Any CPU
		{2D2B94A6-FDB2-4DB9-A136-F55C784C57D5}.Debug|Any CPU.ActiveCfg = Debug|Any CPU
		{2D2B94A6-FDB2-4DB9-A136-F55C784C57D5}.Debug|Any CPU.Build.0 = Debug|Any CPU
		{2D2B94A6-FDB2-4DB9-A136-F55C784C57D5}.Release|Any CPU.ActiveCfg = Release|Any CPU
		{2D2B94A6-FDB2-4DB9-A136-F55C784C57D5}.Release|Any CPU.Build.0 = Release|Any CPU
	EndGlobalSection
	GlobalSection(SolutionProperties) = preSolution
		HideSolutionNode = FALSE
	EndGlobalSection
	GlobalSection(ExtensibilityGlobals) = postSolution
		SolutionGuid = {6F42BE05-E94D-4ADC-BCB3-F223A56DBF9F}
	EndGlobalSection
EndGlobal
